# This file is autogenerated, do not edit; changes may be undone by the next 'dep ensure'.


[[projects]]
  branch = "master"
  digest = "1:6f9339c912bbdda81302633ad7e99a28dfa5a639c864061f1929510a9a64aa74"
  name = "github.com/dustin/go-humanize"
  packages = ["."]
  pruneopts = "UT"
  revision = "9f541cc9db5d55bce703bd99987c9d5cb8eea45e"

[[projects]]
  digest = "1:c76fdfdccfd2c3ae87d7ccb89bb11236c76a27bd1a0f35cdb8bc9cfbda93e11d"
  name = "github.com/jaypipes/ghw"
  packages = ["."]
  pruneopts = "UT"
  revision = "8fc4046cb80975e821e632e79fc8815ceaa11a0f"
  version = "0.1"

[solve-meta]
  analyzer-name = "dep"
  analyzer-version = 1
  input-imports = [
    "github.com/dustin/go-humanize",
    "github.com/jaypipes/ghw",
  ]
  solver-name = "gps-cdcl"
  solver-version = 1
